
Microsoft Visual Studio Solution File, Format Version 12.00
# Visual Studio Version 16
VisualStudioVersion = 16.0.30204.135
MinimumVisualStudioVersion = 10.0.40219.1
Project("{9A19103F-16F7-4668-BE54-9A1E7A4F7556}") = "IdentityGeneration", "IdentityGeneration.csproj", "{D001A3A1-FA25-4C91-A6B2-83DDEA0D60AC}"
EndProject
Project("{9A19103F-16F7-4668-BE54-9A1E7A4F7556}") = "IdentityGeneration.Tests", "..\IdentityGeneration.Tests\IdentityGeneration.Tests.csproj", "{EA0B47B3-6BDF-443F-A74F-77AAB7BD7504}"
EndProject
Project("{FAE04EC0-301F-11D3-BF4B-00C04F79EFBC}") = "IdentityGeneration.WebApi", "..\IdentityGeneration.WebApi\IdentityGeneration.WebApi.csproj", "{8E29A65B-75EA-4436-B0F1-15FA493E867C}"
EndProject
Global
	GlobalSection(SolutionConfigurationPlatforms) = preSolution
		Debug|Any CPU = Debug|Any CPU
		Release|Any CPU = Release|Any CPU
	EndGlobalSection
	GlobalSection(ProjectConfigurationPlatforms) = postSolution
		{D001A3A1-FA25-4C91-A6B2-83DDEA0D60AC}.Debug|Any CPU.ActiveCfg = Debug|Any CPU
		{D001A3A1-FA25-4C91-A6B2-83DDEA0D60AC}.Debug|Any CPU.Build.0 = Debug|Any CPU
		{D001A3A1-FA25-4C91-A6B2-83DDEA0D60AC}.Release|Any CPU.ActiveCfg = Release|Any CPU
		{D001A3A1-FA25-4C91-A6B2-83DDEA0D60AC}.Release|Any CPU.Build.0 = Release|Any CPU
		{EA0B47B3-6BDF-443F-A74F-77AAB7BD7504}.Debug|Any CPU.ActiveCfg = Debug|Any CPU
		{EA0B47B3-6BDF-443F-A74F-77AAB7BD7504}.Debug|Any CPU.Build.0 = Debug|Any CPU
		{EA0B47B3-6BDF-443F-A74F-77AAB7BD7504}.Release|Any CPU.ActiveCfg = Release|Any CPU
		{EA0B47B3-6BDF-443F-A74F-77AAB7BD7504}.Release|Any CPU.Build.0 = Release|Any CPU
		{8E29A65B-75EA-4436-B0F1-15FA493E867C}.Debug|Any CPU.ActiveCfg = Debug|Any CPU
		{8E29A65B-75EA-4436-B0F1-15FA493E867C}.Debug|Any CPU.Build.0 = Debug|Any CPU
		{8E29A65B-75EA-4436-B0F1-15FA493E867C}.Release|Any CPU.ActiveCfg = Release|Any CPU
		{8E29A65B-75EA-4436-B0F1-15FA493E867C}.Release|Any CPU.Build.0 = Release|Any CPU
	EndGlobalSection
	GlobalSection(SolutionProperties) = preSolution
		HideSolutionNode = FALSE
	EndGlobalSection
	GlobalSection(ExtensibilityGlobals) = postSolution
		SolutionGuid = {7FB43E8C-4C42-4DFD-9683-47F9464B32D9}
	EndGlobalSection
EndGlobal
